
Microsoft Visual Studio Solution File, Format Version 12.00
# Visual Studio Version 17
VisualStudioVersion = 17.6.33829.357
MinimumVisualStudioVersion = 15.0.26124.0
Project("{2150E333-8FDC-42A3-9474-1A3956D46DE8}") = "src", "src", "{D9506C1D-DF7A-4975-B4A9-80B2EF4ADA2E}"
EndProject
Project("{6EC3EE1D-3C4E-46DD-8F32-0CC8E7565705}") = "Browser.Blob", "src\Blob\Browser.Blob.fsproj", "{BBB5024A-52F8-463B-B8CC-04DEB842852B}"
EndProject
Project("{6EC3EE1D-3C4E-46DD-8F32-0CC8E7565705}") = "Browser.Dom", "src\Dom\Browser.Dom.fsproj", "{705432F3-33D0-44E6-9778-39F8E2209A13}"
EndProject
Project("{6EC3EE1D-3C4E-46DD-8F32-0CC8E7565705}") = "Browser.Event", "src\Event\Browser.Event.fsproj", "{5DBD3E48-7769-466D-A850-63F78CAE4158}"
EndProject
Project("{6EC3EE1D-3C4E-46DD-8F32-0CC8E7565705}") = "Browser.WebStorage", "src\WebStorage\Browser.WebStorage.fsproj", "{71693453-1A54-4354-B0F3-48F0272643E5}"
EndProject
Project("{6EC3EE1D-3C4E-46DD-8F32-0CC8E7565705}") = "Browser.Performance", "src\Performance\Browser.Performance.fsproj", "{A33C795C-3945-4F0A-9205-44EE3B418496}"
EndProject
Project("{6EC3EE1D-3C4E-46DD-8F32-0CC8E7565705}") = "Browser.Url", "src\Url\Browser.Url.fsproj", "{3BE1F106-50B6-4315-BF76-D0457ADA80A6}"
EndProject
Project("{6EC3EE1D-3C4E-46DD-8F32-0CC8E7565705}") = "Browser.WebSocket", "src\WebSocket\Browser.WebSocket.fsproj", "{B82D218C-35D3-4342-B19B-89030EB99C9B}"
EndProject
Project("{6EC3EE1D-3C4E-46DD-8F32-0CC8E7565705}") = "Browser.MediaStream", "src\MediaStream\Browser.MediaStream.fsproj", "{004CD236-189F-4785-AF39-B996B22BB8B0}"
EndProject
Project("{6EC3EE1D-3C4E-46DD-8F32-0CC8E7565705}") = "Browser.WebRTC", "src\WebRTC\Browser.WebRTC.fsproj", "{874902A3-1F54-449F-94F1-85695EAB81B4}"
EndProject
Project("{6EC3EE1D-3C4E-46DD-8F32-0CC8E7565705}") = "Browser.WebGL", "src\WebGL\Browser.WebGL.fsproj", "{FCE1F9B5-6FD7-43E3-8CA2-639E330AD1D1}"
EndProject
Project("{6EC3EE1D-3C4E-46DD-8F32-0CC8E7565705}") = "Browser.Css", "src\Css\Browser.Css.fsproj", "{0CB9E2E7-E831-4F80-9213-2144315C67F5}"
EndProject
Project("{6EC3EE1D-3C4E-46DD-8F32-0CC8E7565705}") = "Browser.Geolocation", "src\Geolocation\Browser.Geolocation.fsproj", "{0F9D084C-71A2-44B0-B84C-99D952BABB04}"
EndProject
Project("{6EC3EE1D-3C4E-46DD-8F32-0CC8E7565705}") = "Browser.MediaQueryList", "src\MediaQueryList\Browser.MediaQueryList.fsproj", "{91132F16-97E0-44C4-BB4A-1E0DE8C4A506}"
EndProject
Project("{6EC3EE1D-3C4E-46DD-8F32-0CC8E7565705}") = "Browser.Navigator", "src\Navigator\Browser.Navigator.fsproj", "{FF33724F-45C0-44B7-A28B-DB5432BB5A0C}"
EndProject
Project("{6EC3EE1D-3C4E-46DD-8F32-0CC8E7565705}") = "Browser.Svg", "src\Svg\Browser.Svg.fsproj", "{8A8CA2FA-7264-447A-B6B8-3136DE926F8F}"
EndProject
Project("{6EC3EE1D-3C4E-46DD-8F32-0CC8E7565705}") = "Browser.Worker", "src\Worker\Browser.Worker.fsproj", "{D3C3EC66-1CEA-4E2B-B232-669AD9401060}"
EndProject
Project("{6EC3EE1D-3C4E-46DD-8F32-0CC8E7565705}") = "Browser.XMLHttpRequest", "src\XMLHttpRequest\Browser.XMLHttpRequest.fsproj", "{3A172DF0-7F37-4506-8DF2-77B087F4F753}"
EndProject
Project("{6EC3EE1D-3C4E-46DD-8F32-0CC8E7565705}") = "Browser.Gamepad", "src\Gamepad\Browser.Gamepad.fsproj", "{8A976D4C-F48B-4E83-B8C1-58B85C8E2AFF}"
EndProject
Project("{6EC3EE1D-3C4E-46DD-8F32-0CC8E7565705}") = "Browser.MediaRecorder", "src\MediaRecorder\Browser.MediaRecorder.fsproj", "{9254BB43-8051-4E34-8D27-790B8B754B21}"
EndProject
Project("{6EC3EE1D-3C4E-46DD-8F32-0CC8E7565705}") = "Test", "test\Test.fsproj", "{090973C4-D7EE-4161-B76A-81F04C666713}"
EndProject
Project("{6EC3EE1D-3C4E-46DD-8F32-0CC8E7565705}") = "Browser.IndexedDB", "src\IndexedDB\Browser.IndexedDB.fsproj", "{937E046F-818B-47E1-930F-3B0A0068D83B}"
EndProject
Project("{6EC3EE1D-3C4E-46DD-8F32-0CC8E7565705}") = "Browser.IntersectionObserver", "src\IntersectionObserver\Browser.IntersectionObserver.fsproj", "{B74AA790-1B29-448A-8D75-8399C6C86C71}"
EndProject
Project("{6EC3EE1D-3C4E-46DD-8F32-0CC8E7565705}") = "Browser.ResizeObserver", "src\ResizeObserver\Browser.ResizeObserver.fsproj", "{CFEB63B4-8CDC-4FD2-B0C5-4D09BE37D00B}"
EndProject
Project("{2150E333-8FDC-42A3-9474-1A3956D46DE8}") = "ws-proxies", "ws-proxies", "{56C447A5-E689-472E-9077-E9EB63B66D97}"
EndProject
Project("{F2A71F9B-5D33-465A-A702-920D77279786}") = "WebSharper.Browser.Event", "src\ws-proxies\WebSharper.Browser.Event\WebSharper.Browser.Event.fsproj", "{FD032CCF-135B-482B-A2E2-E3224B157D84}"
EndProject
Project("{F2A71F9B-5D33-465A-A702-920D77279786}") = "WebSharper.Browser.Dom", "src\ws-proxies\WebSharper.Browser.Dom\WebSharper.Browser.Dom.fsproj", "{31B5134D-4101-4896-948C-8A54ECAD5110}"
EndProject
Project("{F2A71F9B-5D33-465A-A702-920D77279786}") = "WebSharper.Browser.WebStorage", "src\ws-proxies\WebSharper.Browser.WebStorage\WebSharper.Browser.WebStorage.fsproj", "{1D99152B-210E-4197-9587-E1D18F15BCCA}"
EndProject
Project("{F2A71F9B-5D33-465A-A702-920D77279786}") = "WebSharper.Browser.Blob", "src\ws-proxies\WebSharper.Browser.Blob\WebSharper.Browser.Blob.fsproj", "{2947063B-EE51-444B-9D84-CC5D4F16F39B}"
EndProject
Project("{F2A71F9B-5D33-465A-A702-920D77279786}") = "WebSharper.Browser.Gamepad", "src\ws-proxies\WebSharper.Browser.Gamepad\WebSharper.Browser.Gamepad.fsproj", "{AD70C32F-9A3B-4ECF-9886-173EDF937969}"
EndProject
Project("{F2A71F9B-5D33-465A-A702-920D77279786}") = "WebSharper.Browser.Url", "src\ws-proxies\WebSharper.Browser.Url\WebSharper.Browser.Url.fsproj", "{937EB262-CE0D-4ECB-90CE-1A31A865022C}"
EndProject
Project("{F2A71F9B-5D33-465A-A702-920D77279786}") = "WebSharper.Browser.Geolocation", "src\ws-proxies\WebSharper.Browser.Geolocation\WebSharper.Browser.Geolocation.fsproj", "{FABC2590-2EE1-4932-9B1F-DCC15881B28B}"
EndProject
Project("{F2A71F9B-5D33-465A-A702-920D77279786}") = "WebSharper.Browser.Performance", "src\ws-proxies\WebSharper.Browser.Performance\WebSharper.Browser.Performance.fsproj", "{33FF20DF-2A54-453F-A1F6-3C1FF6CB87E1}"
EndProject
Project("{F2A71F9B-5D33-465A-A702-920D77279786}") = "WebSharper.Browser.IndexedDB", "src\ws-proxies\WebSharper.Browser.IndexedDB\WebSharper.Browser.IndexedDB.fsproj", "{89B0EFB8-C5B6-430A-891E-E3EBFC698867}"
EndProject
Project("{F2A71F9B-5D33-465A-A702-920D77279786}") = "WebSharper.Browser.IntersectionObserver", "src\ws-proxies\WebSharper.Browser.IntersectionObserver\WebSharper.Browser.IntersectionObserver.fsproj", "{E3D7DBAA-0084-427C-A12F-61CB15CF183D}"
EndProject
Project("{F2A71F9B-5D33-465A-A702-920D77279786}") = "WebSharper.Browser.ResizeObserver", "src\ws-proxies\WebSharper.Browser.ResizeObserver\WebSharper.Browser.ResizeObserver.fsproj", "{051E8C4E-8519-46F6-8C7B-9321E4C1ABBB}"
EndProject
Project("{F2A71F9B-5D33-465A-A702-920D77279786}") = "WebSharper.Browser.MediaQueryList", "src\ws-proxies\WebSharper.Browser.MediaQueryList\WebSharper.Browser.MediaQueryList.fsproj", "{2D77291D-A582-482E-A7B5-B7F8361D1CC9}"
EndProject
Project("{F2A71F9B-5D33-465A-A702-920D77279786}") = "WebSharper.Browser.MediaRecorder", "src\ws-proxies\WebSharper.Browser.MediaRecorder\WebSharper.Browser.MediaRecorder.fsproj", "{66820E2D-FE1C-4C8D-8B23-68F3B3E94983}"
EndProject
Project("{F2A71F9B-5D33-465A-A702-920D77279786}") = "WebSharper.Browser.MediaStream", "src\ws-proxies\WebSharper.Browser.MediaStream\WebSharper.Browser.MediaStream.fsproj", "{C2BA4B4F-C119-4277-B4DC-F3CCDC447817}"
EndProject
Project("{F2A71F9B-5D33-465A-A702-920D77279786}") = "WebSharper.Browser.Navigator", "src\ws-proxies\WebSharper.Browser.Navigator\WebSharper.Browser.Navigator.fsproj", "{BCF709E6-A45F-454F-8493-085E1D110558}"
EndProject
Project("{F2A71F9B-5D33-465A-A702-920D77279786}") = "WebSharper.Browser.Svg", "src\ws-proxies\WebSharper.Browser.Svg\WebSharper.Browser.Svg.fsproj", "{EEAA5781-85DD-4DAC-8371-BAFDBE9DA924}"
EndProject
Project("{F2A71F9B-5D33-465A-A702-920D77279786}") = "WebSharper.Browser.Css", "src\ws-proxies\WebSharper.Browser.Css\WebSharper.Browser.Css.fsproj", "{8B32A596-3939-4A2B-AC80-C2A58C5876F3}"
EndProject
Project("{F2A71F9B-5D33-465A-A702-920D77279786}") = "WebSharper.Browser.WebGL", "src\ws-proxies\WebSharper.Browser.WebGL\WebSharper.Browser.WebGL.fsproj", "{AD8472D0-F9D8-4F21-AD4F-129063F509AF}"
EndProject
Project("{F2A71F9B-5D33-465A-A702-920D77279786}") = "WebSharper.Browser.WebRTC", "src\ws-proxies\WebSharper.Browser.WebRTC\WebSharper.Browser.WebRTC.fsproj", "{7380FD13-7426-4A7A-9E82-B843A41A7DF9}"
EndProject
Project("{F2A71F9B-5D33-465A-A702-920D77279786}") = "WebSharper.Browser.WebSocket", "src\ws-proxies\WebSharper.Browser.WebSocket\WebSharper.Browser.WebSocket.fsproj", "{D024B0D1-F486-4913-B05E-F97BD8A97789}"
EndProject
Project("{F2A71F9B-5D33-465A-A702-920D77279786}") = "WebSharper.Browser.Worker", "src\ws-proxies\WebSharper.Browser.Worker\WebSharper.Browser.Worker.fsproj", "{F45AAD5E-465E-4FA8-94FF-F6C5D69CD519}"
EndProject
Project("{F2A71F9B-5D33-465A-A702-920D77279786}") = "WebSharper.Browser.XMLHttpRequest", "src\ws-proxies\WebSharper.Browser.XMLHttpRequest\WebSharper.Browser.XMLHttpRequest.fsproj", "{9F1192DE-67E6-4553-AD0C-E7E37624CAEA}"
EndProject
Global
	GlobalSection(SolutionConfigurationPlatforms) = preSolution
		Debug|Any CPU = Debug|Any CPU
		Debug|x64 = Debug|x64
		Debug|x86 = Debug|x86
		Release|Any CPU = Release|Any CPU
		Release|x64 = Release|x64
		Release|x86 = Release|x86
	EndGlobalSection
	GlobalSection(ProjectConfigurationPlatforms) = postSolution
		{BBB5024A-52F8-463B-B8CC-04DEB842852B}.Debug|Any CPU.ActiveCfg = Debug|Any CPU
		{BBB5024A-52F8-463B-B8CC-04DEB842852B}.Debug|Any CPU.Build.0 = Debug|Any CPU
		{BBB5024A-52F8-463B-B8CC-04DEB842852B}.Debug|x64.ActiveCfg = Debug|Any CPU
		{BBB5024A-52F8-463B-B8CC-04DEB842852B}.Debug|x64.Build.0 = Debug|Any CPU
		{BBB5024A-52F8-463B-B8CC-04DEB842852B}.Debug|x86.ActiveCfg = Debug|Any CPU
		{BBB5024A-52F8-463B-B8CC-04DEB842852B}.Debug|x86.Build.0 = Debug|Any CPU
		{BBB5024A-52F8-463B-B8CC-04DEB842852B}.Release|Any CPU.ActiveCfg = Release|Any CPU
		{BBB5024A-52F8-463B-B8CC-04DEB842852B}.Release|Any CPU.Build.0 = Release|Any CPU
		{BBB5024A-52F8-463B-B8CC-04DEB842852B}.Release|x64.ActiveCfg = Release|Any CPU
		{BBB5024A-52F8-463B-B8CC-04DEB842852B}.Release|x64.Build.0 = Release|Any CPU
		{BBB5024A-52F8-463B-B8CC-04DEB842852B}.Release|x86.ActiveCfg = Release|Any CPU
		{BBB5024A-52F8-463B-B8CC-04DEB842852B}.Release|x86.Build.0 = Release|Any CPU
		{705432F3-33D0-44E6-9778-39F8E2209A13}.Debug|Any CPU.ActiveCfg = Debug|Any CPU
		{705432F3-33D0-44E6-9778-39F8E2209A13}.Debug|Any CPU.Build.0 = Debug|Any CPU
		{705432F3-33D0-44E6-9778-39F8E2209A13}.Debug|x64.ActiveCfg = Debug|Any CPU
		{705432F3-33D0-44E6-9778-39F8E2209A13}.Debug|x64.Build.0 = Debug|Any CPU
		{705432F3-33D0-44E6-9778-39F8E2209A13}.Debug|x86.ActiveCfg = Debug|Any CPU
		{705432F3-33D0-44E6-9778-39F8E2209A13}.Debug|x86.Build.0 = Debug|Any CPU
		{705432F3-33D0-44E6-9778-39F8E2209A13}.Release|Any CPU.ActiveCfg = Release|Any CPU
		{705432F3-33D0-44E6-9778-39F8E2209A13}.Release|Any CPU.Build.0 = Release|Any CPU
		{705432F3-33D0-44E6-9778-39F8E2209A13}.Release|x64.ActiveCfg = Release|Any CPU
		{705432F3-33D0-44E6-9778-39F8E2209A13}.Release|x64.Build.0 = Release|Any CPU
		{705432F3-33D0-44E6-9778-39F8E2209A13}.Release|x86.ActiveCfg = Release|Any CPU
		{705432F3-33D0-44E6-9778-39F8E2209A13}.Release|x86.Build.0 = Release|Any CPU
		{5DBD3E48-7769-466D-A850-63F78CAE4158}.Debug|Any CPU.ActiveCfg = Debug|Any CPU
		{5DBD3E48-7769-466D-A850-63F78CAE4158}.Debug|Any CPU.Build.0 = Debug|Any CPU
		{5DBD3E48-7769-466D-A850-63F78CAE4158}.Debug|x64.ActiveCfg = Debug|Any CPU
		{5DBD3E48-7769-466D-A850-63F78CAE4158}.Debug|x64.Build.0 = Debug|Any CPU
		{5DBD3E48-7769-466D-A850-63F78CAE4158}.Debug|x86.ActiveCfg = Debug|Any CPU
		{5DBD3E48-7769-466D-A850-63F78CAE4158}.Debug|x86.Build.0 = Debug|Any CPU
		{5DBD3E48-7769-466D-A850-63F78CAE4158}.Release|Any CPU.ActiveCfg = Release|Any CPU
		{5DBD3E48-7769-466D-A850-63F78CAE4158}.Release|Any CPU.Build.0 = Release|Any CPU
		{5DBD3E48-7769-466D-A850-63F78CAE4158}.Release|x64.ActiveCfg = Release|Any CPU
		{5DBD3E48-7769-466D-A850-63F78CAE4158}.Release|x64.Build.0 = Release|Any CPU
		{5DBD3E48-7769-466D-A850-63F78CAE4158}.Release|x86.ActiveCfg = Release|Any CPU
		{5DBD3E48-7769-466D-A850-63F78CAE4158}.Release|x86.Build.0 = Release|Any CPU
		{71693453-1A54-4354-B0F3-48F0272643E5}.Debug|Any CPU.ActiveCfg = Debug|Any CPU
		{71693453-1A54-4354-B0F3-48F0272643E5}.Debug|Any CPU.Build.0 = Debug|Any CPU
		{71693453-1A54-4354-B0F3-48F0272643E5}.Debug|x64.ActiveCfg = Debug|Any CPU
		{71693453-1A54-4354-B0F3-48F0272643E5}.Debug|x64.Build.0 = Debug|Any CPU
		{71693453-1A54-4354-B0F3-48F0272643E5}.Debug|x86.ActiveCfg = Debug|Any CPU
		{71693453-1A54-4354-B0F3-48F0272643E5}.Debug|x86.Build.0 = Debug|Any CPU
		{71693453-1A54-4354-B0F3-48F0272643E5}.Release|Any CPU.ActiveCfg = Release|Any CPU
		{71693453-1A54-4354-B0F3-48F0272643E5}.Release|Any CPU.Build.0 = Release|Any CPU
		{71693453-1A54-4354-B0F3-48F0272643E5}.Release|x64.ActiveCfg = Release|Any CPU
		{71693453-1A54-4354-B0F3-48F0272643E5}.Release|x64.Build.0 = Release|Any CPU
		{71693453-1A54-4354-B0F3-48F0272643E5}.Release|x86.ActiveCfg = Release|Any CPU
		{71693453-1A54-4354-B0F3-48F0272643E5}.Release|x86.Build.0 = Release|Any CPU
		{A33C795C-3945-4F0A-9205-44EE3B418496}.Debug|Any CPU.ActiveCfg = Debug|Any CPU
		{A33C795C-3945-4F0A-9205-44EE3B418496}.Debug|Any CPU.Build.0 = Debug|Any CPU
		{A33C795C-3945-4F0A-9205-44EE3B418496}.Debug|x64.ActiveCfg = Debug|Any CPU
		{A33C795C-3945-4F0A-9205-44EE3B418496}.Debug|x64.Build.0 = Debug|Any CPU
		{A33C795C-3945-4F0A-9205-44EE3B418496}.Debug|x86.ActiveCfg = Debug|Any CPU
		{A33C795C-3945-4F0A-9205-44EE3B418496}.Debug|x86.Build.0 = Debug|Any CPU
		{A33C795C-3945-4F0A-9205-44EE3B418496}.Release|Any CPU.ActiveCfg = Release|Any CPU
		{A33C795C-3945-4F0A-9205-44EE3B418496}.Release|Any CPU.Build.0 = Release|Any CPU
		{A33C795C-3945-4F0A-9205-44EE3B418496}.Release|x64.ActiveCfg = Release|Any CPU
		{A33C795C-3945-4F0A-9205-44EE3B418496}.Release|x64.Build.0 = Release|Any CPU
		{A33C795C-3945-4F0A-9205-44EE3B418496}.Release|x86.ActiveCfg = Release|Any CPU
		{A33C795C-3945-4F0A-9205-44EE3B418496}.Release|x86.Build.0 = Release|Any CPU
		{3BE1F106-50B6-4315-BF76-D0457ADA80A6}.Debug|Any CPU.ActiveCfg = Debug|Any CPU
		{3BE1F106-50B6-4315-BF76-D0457ADA80A6}.Debug|Any CPU.Build.0 = Debug|Any CPU
		{3BE1F106-50B6-4315-BF76-D0457ADA80A6}.Debug|x64.ActiveCfg = Debug|Any CPU
		{3BE1F106-50B6-4315-BF76-D0457ADA80A6}.Debug|x64.Build.0 = Debug|Any CPU
		{3BE1F106-50B6-4315-BF76-D0457ADA80A6}.Debug|x86.ActiveCfg = Debug|Any CPU
		{3BE1F106-50B6-4315-BF76-D0457ADA80A6}.Debug|x86.Build.0 = Debug|Any CPU
		{3BE1F106-50B6-4315-BF76-D0457ADA80A6}.Release|Any CPU.ActiveCfg = Release|Any CPU
		{3BE1F106-50B6-4315-BF76-D0457ADA80A6}.Release|Any CPU.Build.0 = Release|Any CPU
		{3BE1F106-50B6-4315-BF76-D0457ADA80A6}.Release|x64.ActiveCfg = Release|Any CPU
		{3BE1F106-50B6-4315-BF76-D0457ADA80A6}.Release|x64.Build.0 = Release|Any CPU
		{3BE1F106-50B6-4315-BF76-D0457ADA80A6}.Release|x86.ActiveCfg = Release|Any CPU
		{3BE1F106-50B6-4315-BF76-D0457ADA80A6}.Release|x86.Build.0 = Release|Any CPU
		{B82D218C-35D3-4342-B19B-89030EB99C9B}.Debug|Any CPU.ActiveCfg = Debug|Any CPU
		{B82D218C-35D3-4342-B19B-89030EB99C9B}.Debug|Any CPU.Build.0 = Debug|Any CPU
		{B82D218C-35D3-4342-B19B-89030EB99C9B}.Debug|x64.ActiveCfg = Debug|Any CPU
		{B82D218C-35D3-4342-B19B-89030EB99C9B}.Debug|x64.Build.0 = Debug|Any CPU
		{B82D218C-35D3-4342-B19B-89030EB99C9B}.Debug|x86.ActiveCfg = Debug|Any CPU
		{B82D218C-35D3-4342-B19B-89030EB99C9B}.Debug|x86.Build.0 = Debug|Any CPU
		{B82D218C-35D3-4342-B19B-89030EB99C9B}.Release|Any CPU.ActiveCfg = Release|Any CPU
		{B82D218C-35D3-4342-B19B-89030EB99C9B}.Release|Any CPU.Build.0 = Release|Any CPU
		{B82D218C-35D3-4342-B19B-89030EB99C9B}.Release|x64.ActiveCfg = Release|Any CPU
		{B82D218C-35D3-4342-B19B-89030EB99C9B}.Release|x64.Build.0 = Release|Any CPU
		{B82D218C-35D3-4342-B19B-89030EB99C9B}.Release|x86.ActiveCfg = Release|Any CPU
		{B82D218C-35D3-4342-B19B-89030EB99C9B}.Release|x86.Build.0 = Release|Any CPU
		{004CD236-189F-4785-AF39-B996B22BB8B0}.Debug|Any CPU.ActiveCfg = Debug|Any CPU
		{004CD236-189F-4785-AF39-B996B22BB8B0}.Debug|Any CPU.Build.0 = Debug|Any CPU
		{004CD236-189F-4785-AF39-B996B22BB8B0}.Debug|x64.ActiveCfg = Debug|Any CPU
		{004CD236-189F-4785-AF39-B996B22BB8B0}.Debug|x64.Build.0 = Debug|Any CPU
		{004CD236-189F-4785-AF39-B996B22BB8B0}.Debug|x86.ActiveCfg = Debug|Any CPU
		{004CD236-189F-4785-AF39-B996B22BB8B0}.Debug|x86.Build.0 = Debug|Any CPU
		{004CD236-189F-4785-AF39-B996B22BB8B0}.Release|Any CPU.ActiveCfg = Release|Any CPU
		{004CD236-189F-4785-AF39-B996B22BB8B0}.Release|Any CPU.Build.0 = Release|Any CPU
		{004CD236-189F-4785-AF39-B996B22BB8B0}.Release|x64.ActiveCfg = Release|Any CPU
		{004CD236-189F-4785-AF39-B996B22BB8B0}.Release|x64.Build.0 = Release|Any CPU
		{004CD236-189F-4785-AF39-B996B22BB8B0}.Release|x86.ActiveCfg = Release|Any CPU
		{004CD236-189F-4785-AF39-B996B22BB8B0}.Release|x86.Build.0 = Release|Any CPU
		{874902A3-1F54-449F-94F1-85695EAB81B4}.Debug|Any CPU.ActiveCfg = Debug|Any CPU
		{874902A3-1F54-449F-94F1-85695EAB81B4}.Debug|Any CPU.Build.0 = Debug|Any CPU
		{874902A3-1F54-449F-94F1-85695EAB81B4}.Debug|x64.ActiveCfg = Debug|Any CPU
		{874902A3-1F54-449F-94F1-85695EAB81B4}.Debug|x64.Build.0 = Debug|Any CPU
		{874902A3-1F54-449F-94F1-85695EAB81B4}.Debug|x86.ActiveCfg = Debug|Any CPU
		{874902A3-1F54-449F-94F1-85695EAB81B4}.Debug|x86.Build.0 = Debug|Any CPU
		{874902A3-1F54-449F-94F1-85695EAB81B4}.Release|Any CPU.ActiveCfg = Release|Any CPU
		{874902A3-1F54-449F-94F1-85695EAB81B4}.Release|Any CPU.Build.0 = Release|Any CPU
		{874902A3-1F54-449F-94F1-85695EAB81B4}.Release|x64.ActiveCfg = Release|Any CPU
		{874902A3-1F54-449F-94F1-85695EAB81B4}.Release|x64.Build.0 = Release|Any CPU
		{874902A3-1F54-449F-94F1-85695EAB81B4}.Release|x86.ActiveCfg = Release|Any CPU
		{874902A3-1F54-449F-94F1-85695EAB81B4}.Release|x86.Build.0 = Release|Any CPU
		{FCE1F9B5-6FD7-43E3-8CA2-639E330AD1D1}.Debug|Any CPU.ActiveCfg = Debug|Any CPU
		{FCE1F9B5-6FD7-43E3-8CA2-639E330AD1D1}.Debug|Any CPU.Build.0 = Debug|Any CPU
		{FCE1F9B5-6FD7-43E3-8CA2-639E330AD1D1}.Debug|x64.ActiveCfg = Debug|Any CPU
		{FCE1F9B5-6FD7-43E3-8CA2-639E330AD1D1}.Debug|x64.Build.0 = Debug|Any CPU
		{FCE1F9B5-6FD7-43E3-8CA2-639E330AD1D1}.Debug|x86.ActiveCfg = Debug|Any CPU
		{FCE1F9B5-6FD7-43E3-8CA2-639E330AD1D1}.Debug|x86.Build.0 = Debug|Any CPU
		{FCE1F9B5-6FD7-43E3-8CA2-639E330AD1D1}.Release|Any CPU.ActiveCfg = Release|Any CPU
		{FCE1F9B5-6FD7-43E3-8CA2-639E330AD1D1}.Release|Any CPU.Build.0 = Release|Any CPU
		{FCE1F9B5-6FD7-43E3-8CA2-639E330AD1D1}.Release|x64.ActiveCfg = Release|Any CPU
		{FCE1F9B5-6FD7-43E3-8CA2-639E330AD1D1}.Release|x64.Build.0 = Release|Any CPU
		{FCE1F9B5-6FD7-43E3-8CA2-639E330AD1D1}.Release|x86.ActiveCfg = Release|Any CPU
		{FCE1F9B5-6FD7-43E3-8CA2-639E330AD1D1}.Release|x86.Build.0 = Release|Any CPU
		{0CB9E2E7-E831-4F80-9213-2144315C67F5}.Debug|Any CPU.ActiveCfg = Debug|Any CPU
		{0CB9E2E7-E831-4F80-9213-2144315C67F5}.Debug|Any CPU.Build.0 = Debug|Any CPU
		{0CB9E2E7-E831-4F80-9213-2144315C67F5}.Debug|x64.ActiveCfg = Debug|Any CPU
		{0CB9E2E7-E831-4F80-9213-2144315C67F5}.Debug|x64.Build.0 = Debug|Any CPU
		{0CB9E2E7-E831-4F80-9213-2144315C67F5}.Debug|x86.ActiveCfg = Debug|Any CPU
		{0CB9E2E7-E831-4F80-9213-2144315C67F5}.Debug|x86.Build.0 = Debug|Any CPU
		{0CB9E2E7-E831-4F80-9213-2144315C67F5}.Release|Any CPU.ActiveCfg = Release|Any CPU
		{0CB9E2E7-E831-4F80-9213-2144315C67F5}.Release|Any CPU.Build.0 = Release|Any CPU
		{0CB9E2E7-E831-4F80-9213-2144315C67F5}.Release|x64.ActiveCfg = Release|Any CPU
		{0CB9E2E7-E831-4F80-9213-2144315C67F5}.Release|x64.Build.0 = Release|Any CPU
		{0CB9E2E7-E831-4F80-9213-2144315C67F5}.Release|x86.ActiveCfg = Release|Any CPU
		{0CB9E2E7-E831-4F80-9213-2144315C67F5}.Release|x86.Build.0 = Release|Any CPU
		{0F9D084C-71A2-44B0-B84C-99D952BABB04}.Debug|Any CPU.ActiveCfg = Debug|Any CPU
		{0F9D084C-71A2-44B0-B84C-99D952BABB04}.Debug|Any CPU.Build.0 = Debug|Any CPU
		{0F9D084C-71A2-44B0-B84C-99D952BABB04}.Debug|x64.ActiveCfg = Debug|Any CPU
		{0F9D084C-71A2-44B0-B84C-99D952BABB04}.Debug|x64.Build.0 = Debug|Any CPU
		{0F9D084C-71A2-44B0-B84C-99D952BABB04}.Debug|x86.ActiveCfg = Debug|Any CPU
		{0F9D084C-71A2-44B0-B84C-99D952BABB04}.Debug|x86.Build.0 = Debug|Any CPU
		{0F9D084C-71A2-44B0-B84C-99D952BABB04}.Release|Any CPU.ActiveCfg = Release|Any CPU
		{0F9D084C-71A2-44B0-B84C-99D952BABB04}.Release|Any CPU.Build.0 = Release|Any CPU
		{0F9D084C-71A2-44B0-B84C-99D952BABB04}.Release|x64.ActiveCfg = Release|Any CPU
		{0F9D084C-71A2-44B0-B84C-99D952BABB04}.Release|x64.Build.0 = Release|Any CPU
		{0F9D084C-71A2-44B0-B84C-99D952BABB04}.Release|x86.ActiveCfg = Release|Any CPU
		{0F9D084C-71A2-44B0-B84C-99D952BABB04}.Release|x86.Build.0 = Release|Any CPU
		{91132F16-97E0-44C4-BB4A-1E0DE8C4A506}.Debug|Any CPU.ActiveCfg = Debug|Any CPU
		{91132F16-97E0-44C4-BB4A-1E0DE8C4A506}.Debug|Any CPU.Build.0 = Debug|Any CPU
		{91132F16-97E0-44C4-BB4A-1E0DE8C4A506}.Debug|x64.ActiveCfg = Debug|Any CPU
		{91132F16-97E0-44C4-BB4A-1E0DE8C4A506}.Debug|x64.Build.0 = Debug|Any CPU
		{91132F16-97E0-44C4-BB4A-1E0DE8C4A506}.Debug|x86.ActiveCfg = Debug|Any CPU
		{91132F16-97E0-44C4-BB4A-1E0DE8C4A506}.Debug|x86.Build.0 = Debug|Any CPU
		{91132F16-97E0-44C4-BB4A-1E0DE8C4A506}.Release|Any CPU.ActiveCfg = Release|Any CPU
		{91132F16-97E0-44C4-BB4A-1E0DE8C4A506}.Release|Any CPU.Build.0 = Release|Any CPU
		{91132F16-97E0-44C4-BB4A-1E0DE8C4A506}.Release|x64.ActiveCfg = Release|Any CPU
		{91132F16-97E0-44C4-BB4A-1E0DE8C4A506}.Release|x64.Build.0 = Release|Any CPU
		{91132F16-97E0-44C4-BB4A-1E0DE8C4A506}.Release|x86.ActiveCfg = Release|Any CPU
		{91132F16-97E0-44C4-BB4A-1E0DE8C4A506}.Release|x86.Build.0 = Release|Any CPU
		{FF33724F-45C0-44B7-A28B-DB5432BB5A0C}.Debug|Any CPU.ActiveCfg = Debug|Any CPU
		{FF33724F-45C0-44B7-A28B-DB5432BB5A0C}.Debug|Any CPU.Build.0 = Debug|Any CPU
		{FF33724F-45C0-44B7-A28B-DB5432BB5A0C}.Debug|x64.ActiveCfg = Debug|Any CPU
		{FF33724F-45C0-44B7-A28B-DB5432BB5A0C}.Debug|x64.Build.0 = Debug|Any CPU
		{FF33724F-45C0-44B7-A28B-DB5432BB5A0C}.Debug|x86.ActiveCfg = Debug|Any CPU
		{FF33724F-45C0-44B7-A28B-DB5432BB5A0C}.Debug|x86.Build.0 = Debug|Any CPU
		{FF33724F-45C0-44B7-A28B-DB5432BB5A0C}.Release|Any CPU.ActiveCfg = Release|Any CPU
		{FF33724F-45C0-44B7-A28B-DB5432BB5A0C}.Release|Any CPU.Build.0 = Release|Any CPU
		{FF33724F-45C0-44B7-A28B-DB5432BB5A0C}.Release|x64.ActiveCfg = Release|Any CPU
		{FF33724F-45C0-44B7-A28B-DB5432BB5A0C}.Release|x64.Build.0 = Release|Any CPU
		{FF33724F-45C0-44B7-A28B-DB5432BB5A0C}.Release|x86.ActiveCfg = Release|Any CPU
		{FF33724F-45C0-44B7-A28B-DB5432BB5A0C}.Release|x86.Build.0 = Release|Any CPU
		{8A8CA2FA-7264-447A-B6B8-3136DE926F8F}.Debug|Any CPU.ActiveCfg = Debug|Any CPU
		{8A8CA2FA-7264-447A-B6B8-3136DE926F8F}.Debug|Any CPU.Build.0 = Debug|Any CPU
		{8A8CA2FA-7264-447A-B6B8-3136DE926F8F}.Debug|x64.ActiveCfg = Debug|Any CPU
		{8A8CA2FA-7264-447A-B6B8-3136DE926F8F}.Debug|x64.Build.0 = Debug|Any CPU
		{8A8CA2FA-7264-447A-B6B8-3136DE926F8F}.Debug|x86.ActiveCfg = Debug|Any CPU
		{8A8CA2FA-7264-447A-B6B8-3136DE926F8F}.Debug|x86.Build.0 = Debug|Any CPU
		{8A8CA2FA-7264-447A-B6B8-3136DE926F8F}.Release|Any CPU.ActiveCfg = Release|Any CPU
		{8A8CA2FA-7264-447A-B6B8-3136DE926F8F}.Release|Any CPU.Build.0 = Release|Any CPU
		{8A8CA2FA-7264-447A-B6B8-3136DE926F8F}.Release|x64.ActiveCfg = Release|Any CPU
		{8A8CA2FA-7264-447A-B6B8-3136DE926F8F}.Release|x64.Build.0 = Release|Any CPU
		{8A8CA2FA-7264-447A-B6B8-3136DE926F8F}.Release|x86.ActiveCfg = Release|Any CPU
		{8A8CA2FA-7264-447A-B6B8-3136DE926F8F}.Release|x86.Build.0 = Release|Any CPU
		{D3C3EC66-1CEA-4E2B-B232-669AD9401060}.Debug|Any CPU.ActiveCfg = Debug|Any CPU
		{D3C3EC66-1CEA-4E2B-B232-669AD9401060}.Debug|Any CPU.Build.0 = Debug|Any CPU
		{D3C3EC66-1CEA-4E2B-B232-669AD9401060}.Debug|x64.ActiveCfg = Debug|Any CPU
		{D3C3EC66-1CEA-4E2B-B232-669AD9401060}.Debug|x64.Build.0 = Debug|Any CPU
		{D3C3EC66-1CEA-4E2B-B232-669AD9401060}.Debug|x86.ActiveCfg = Debug|Any CPU
		{D3C3EC66-1CEA-4E2B-B232-669AD9401060}.Debug|x86.Build.0 = Debug|Any CPU
		{D3C3EC66-1CEA-4E2B-B232-669AD9401060}.Release|Any CPU.ActiveCfg = Release|Any CPU
		{D3C3EC66-1CEA-4E2B-B232-669AD9401060}.Release|Any CPU.Build.0 = Release|Any CPU
		{D3C3EC66-1CEA-4E2B-B232-669AD9401060}.Release|x64.ActiveCfg = Release|Any CPU
		{D3C3EC66-1CEA-4E2B-B232-669AD9401060}.Release|x64.Build.0 = Release|Any CPU
		{D3C3EC66-1CEA-4E2B-B232-669AD9401060}.Release|x86.ActiveCfg = Release|Any CPU
		{D3C3EC66-1CEA-4E2B-B232-669AD9401060}.Release|x86.Build.0 = Release|Any CPU
		{3A172DF0-7F37-4506-8DF2-77B087F4F753}.Debug|Any CPU.ActiveCfg = Debug|Any CPU
		{3A172DF0-7F37-4506-8DF2-77B087F4F753}.Debug|Any CPU.Build.0 = Debug|Any CPU
		{3A172DF0-7F37-4506-8DF2-77B087F4F753}.Debug|x64.ActiveCfg = Debug|Any CPU
		{3A172DF0-7F37-4506-8DF2-77B087F4F753}.Debug|x64.Build.0 = Debug|Any CPU
		{3A172DF0-7F37-4506-8DF2-77B087F4F753}.Debug|x86.ActiveCfg = Debug|Any CPU
		{3A172DF0-7F37-4506-8DF2-77B087F4F753}.Debug|x86.Build.0 = Debug|Any CPU
		{3A172DF0-7F37-4506-8DF2-77B087F4F753}.Release|Any CPU.ActiveCfg = Release|Any CPU
		{3A172DF0-7F37-4506-8DF2-77B087F4F753}.Release|Any CPU.Build.0 = Release|Any CPU
		{3A172DF0-7F37-4506-8DF2-77B087F4F753}.Release|x64.ActiveCfg = Release|Any CPU
		{3A172DF0-7F37-4506-8DF2-77B087F4F753}.Release|x64.Build.0 = Release|Any CPU
		{3A172DF0-7F37-4506-8DF2-77B087F4F753}.Release|x86.ActiveCfg = Release|Any CPU
		{3A172DF0-7F37-4506-8DF2-77B087F4F753}.Release|x86.Build.0 = Release|Any CPU
		{8A976D4C-F48B-4E83-B8C1-58B85C8E2AFF}.Debug|Any CPU.ActiveCfg = Debug|Any CPU
		{8A976D4C-F48B-4E83-B8C1-58B85C8E2AFF}.Debug|Any CPU.Build.0 = Debug|Any CPU
		{8A976D4C-F48B-4E83-B8C1-58B85C8E2AFF}.Debug|x64.ActiveCfg = Debug|Any CPU
		{8A976D4C-F48B-4E83-B8C1-58B85C8E2AFF}.Debug|x64.Build.0 = Debug|Any CPU
		{8A976D4C-F48B-4E83-B8C1-58B85C8E2AFF}.Debug|x86.ActiveCfg = Debug|Any CPU
		{8A976D4C-F48B-4E83-B8C1-58B85C8E2AFF}.Debug|x86.Build.0 = Debug|Any CPU
		{8A976D4C-F48B-4E83-B8C1-58B85C8E2AFF}.Release|Any CPU.ActiveCfg = Release|Any CPU
		{8A976D4C-F48B-4E83-B8C1-58B85C8E2AFF}.Release|Any CPU.Build.0 = Release|Any CPU
		{8A976D4C-F48B-4E83-B8C1-58B85C8E2AFF}.Release|x64.ActiveCfg = Release|Any CPU
		{8A976D4C-F48B-4E83-B8C1-58B85C8E2AFF}.Release|x64.Build.0 = Release|Any CPU
		{8A976D4C-F48B-4E83-B8C1-58B85C8E2AFF}.Release|x86.ActiveCfg = Release|Any CPU
		{8A976D4C-F48B-4E83-B8C1-58B85C8E2AFF}.Release|x86.Build.0 = Release|Any CPU
		{9254BB43-8051-4E34-8D27-790B8B754B21}.Debug|Any CPU.ActiveCfg = Debug|Any CPU
		{9254BB43-8051-4E34-8D27-790B8B754B21}.Debug|Any CPU.Build.0 = Debug|Any CPU
		{9254BB43-8051-4E34-8D27-790B8B754B21}.Debug|x64.ActiveCfg = Debug|Any CPU
		{9254BB43-8051-4E34-8D27-790B8B754B21}.Debug|x64.Build.0 = Debug|Any CPU
		{9254BB43-8051-4E34-8D27-790B8B754B21}.Debug|x86.ActiveCfg = Debug|Any CPU
		{9254BB43-8051-4E34-8D27-790B8B754B21}.Debug|x86.Build.0 = Debug|Any CPU
		{9254BB43-8051-4E34-8D27-790B8B754B21}.Release|Any CPU.ActiveCfg = Release|Any CPU
		{9254BB43-8051-4E34-8D27-790B8B754B21}.Release|Any CPU.Build.0 = Release|Any CPU
		{9254BB43-8051-4E34-8D27-790B8B754B21}.Release|x64.ActiveCfg = Release|Any CPU
		{9254BB43-8051-4E34-8D27-790B8B754B21}.Release|x64.Build.0 = Release|Any CPU
		{9254BB43-8051-4E34-8D27-790B8B754B21}.Release|x86.ActiveCfg = Release|Any CPU
		{9254BB43-8051-4E34-8D27-790B8B754B21}.Release|x86.Build.0 = Release|Any CPU
		{090973C4-D7EE-4161-B76A-81F04C666713}.Debug|Any CPU.ActiveCfg = Debug|Any CPU
		{090973C4-D7EE-4161-B76A-81F04C666713}.Debug|Any CPU.Build.0 = Debug|Any CPU
		{090973C4-D7EE-4161-B76A-81F04C666713}.Debug|x64.ActiveCfg = Debug|Any CPU
		{090973C4-D7EE-4161-B76A-81F04C666713}.Debug|x64.Build.0 = Debug|Any CPU
		{090973C4-D7EE-4161-B76A-81F04C666713}.Debug|x86.ActiveCfg = Debug|Any CPU
		{090973C4-D7EE-4161-B76A-81F04C666713}.Debug|x86.Build.0 = Debug|Any CPU
		{090973C4-D7EE-4161-B76A-81F04C666713}.Release|Any CPU.ActiveCfg = Release|Any CPU
		{090973C4-D7EE-4161-B76A-81F04C666713}.Release|Any CPU.Build.0 = Release|Any CPU
		{090973C4-D7EE-4161-B76A-81F04C666713}.Release|x64.ActiveCfg = Release|Any CPU
		{090973C4-D7EE-4161-B76A-81F04C666713}.Release|x64.Build.0 = Release|Any CPU
		{090973C4-D7EE-4161-B76A-81F04C666713}.Release|x86.ActiveCfg = Release|Any CPU
		{090973C4-D7EE-4161-B76A-81F04C666713}.Release|x86.Build.0 = Release|Any CPU
		{937E046F-818B-47E1-930F-3B0A0068D83B}.Debug|Any CPU.ActiveCfg = Debug|Any CPU
		{937E046F-818B-47E1-930F-3B0A0068D83B}.Debug|Any CPU.Build.0 = Debug|Any CPU
		{937E046F-818B-47E1-930F-3B0A0068D83B}.Debug|x64.ActiveCfg = Debug|Any CPU
		{937E046F-818B-47E1-930F-3B0A0068D83B}.Debug|x64.Build.0 = Debug|Any CPU
		{937E046F-818B-47E1-930F-3B0A0068D83B}.Debug|x86.ActiveCfg = Debug|Any CPU
		{937E046F-818B-47E1-930F-3B0A0068D83B}.Debug|x86.Build.0 = Debug|Any CPU
		{937E046F-818B-47E1-930F-3B0A0068D83B}.Release|Any CPU.ActiveCfg = Release|Any CPU
		{937E046F-818B-47E1-930F-3B0A0068D83B}.Release|Any CPU.Build.0 = Release|Any CPU
		{937E046F-818B-47E1-930F-3B0A0068D83B}.Release|x64.ActiveCfg = Release|Any CPU
		{937E046F-818B-47E1-930F-3B0A0068D83B}.Release|x64.Build.0 = Release|Any CPU
		{937E046F-818B-47E1-930F-3B0A0068D83B}.Release|x86.ActiveCfg = Release|Any CPU
		{937E046F-818B-47E1-930F-3B0A0068D83B}.Release|x86.Build.0 = Release|Any CPU
		{B74AA790-1B29-448A-8D75-8399C6C86C71}.Debug|Any CPU.ActiveCfg = Debug|Any CPU
		{B74AA790-1B29-448A-8D75-8399C6C86C71}.Debug|Any CPU.Build.0 = Debug|Any CPU
		{B74AA790-1B29-448A-8D75-8399C6C86C71}.Debug|x64.ActiveCfg = Debug|Any CPU
		{B74AA790-1B29-448A-8D75-8399C6C86C71}.Debug|x64.Build.0 = Debug|Any CPU
		{B74AA790-1B29-448A-8D75-8399C6C86C71}.Debug|x86.ActiveCfg = Debug|Any CPU
		{B74AA790-1B29-448A-8D75-8399C6C86C71}.Debug|x86.Build.0 = Debug|Any CPU
		{B74AA790-1B29-448A-8D75-8399C6C86C71}.Release|Any CPU.ActiveCfg = Release|Any CPU
		{B74AA790-1B29-448A-8D75-8399C6C86C71}.Release|Any CPU.Build.0 = Release|Any CPU
		{B74AA790-1B29-448A-8D75-8399C6C86C71}.Release|x64.ActiveCfg = Release|Any CPU
		{B74AA790-1B29-448A-8D75-8399C6C86C71}.Release|x64.Build.0 = Release|Any CPU
		{B74AA790-1B29-448A-8D75-8399C6C86C71}.Release|x86.ActiveCfg = Release|Any CPU
		{B74AA790-1B29-448A-8D75-8399C6C86C71}.Release|x86.Build.0 = Release|Any CPU
		{CFEB63B4-8CDC-4FD2-B0C5-4D09BE37D00B}.Debug|Any CPU.ActiveCfg = Debug|Any CPU
		{CFEB63B4-8CDC-4FD2-B0C5-4D09BE37D00B}.Debug|Any CPU.Build.0 = Debug|Any CPU
		{CFEB63B4-8CDC-4FD2-B0C5-4D09BE37D00B}.Debug|x64.ActiveCfg = Debug|Any CPU
		{CFEB63B4-8CDC-4FD2-B0C5-4D09BE37D00B}.Debug|x64.Build.0 = Debug|Any CPU
		{CFEB63B4-8CDC-4FD2-B0C5-4D09BE37D00B}.Debug|x86.ActiveCfg = Debug|Any CPU
		{CFEB63B4-8CDC-4FD2-B0C5-4D09BE37D00B}.Debug|x86.Build.0 = Debug|Any CPU
		{CFEB63B4-8CDC-4FD2-B0C5-4D09BE37D00B}.Release|Any CPU.ActiveCfg = Release|Any CPU
		{CFEB63B4-8CDC-4FD2-B0C5-4D09BE37D00B}.Release|Any CPU.Build.0 = Release|Any CPU
		{CFEB63B4-8CDC-4FD2-B0C5-4D09BE37D00B}.Release|x64.ActiveCfg = Release|Any CPU
		{CFEB63B4-8CDC-4FD2-B0C5-4D09BE37D00B}.Release|x64.Build.0 = Release|Any CPU
		{CFEB63B4-8CDC-4FD2-B0C5-4D09BE37D00B}.Release|x86.ActiveCfg = Release|Any CPU
		{CFEB63B4-8CDC-4FD2-B0C5-4D09BE37D00B}.Release|x86.Build.0 = Release|Any CPU
		{FD032CCF-135B-482B-A2E2-E3224B157D84}.Debug|Any CPU.ActiveCfg = Debug|Any CPU
		{FD032CCF-135B-482B-A2E2-E3224B157D84}.Debug|Any CPU.Build.0 = Debug|Any CPU
		{FD032CCF-135B-482B-A2E2-E3224B157D84}.Debug|x64.ActiveCfg = Debug|Any CPU
		{FD032CCF-135B-482B-A2E2-E3224B157D84}.Debug|x64.Build.0 = Debug|Any CPU
		{FD032CCF-135B-482B-A2E2-E3224B157D84}.Debug|x86.ActiveCfg = Debug|Any CPU
		{FD032CCF-135B-482B-A2E2-E3224B157D84}.Debug|x86.Build.0 = Debug|Any CPU
		{FD032CCF-135B-482B-A2E2-E3224B157D84}.Release|Any CPU.ActiveCfg = Release|Any CPU
		{FD032CCF-135B-482B-A2E2-E3224B157D84}.Release|Any CPU.Build.0 = Release|Any CPU
		{FD032CCF-135B-482B-A2E2-E3224B157D84}.Release|x64.ActiveCfg = Release|Any CPU
		{FD032CCF-135B-482B-A2E2-E3224B157D84}.Release|x64.Build.0 = Release|Any CPU
		{FD032CCF-135B-482B-A2E2-E3224B157D84}.Release|x86.ActiveCfg = Release|Any CPU
		{FD032CCF-135B-482B-A2E2-E3224B157D84}.Release|x86.Build.0 = Release|Any CPU
		{31B5134D-4101-4896-948C-8A54ECAD5110}.Debug|Any CPU.ActiveCfg = Debug|Any CPU
		{31B5134D-4101-4896-948C-8A54ECAD5110}.Debug|Any CPU.Build.0 = Debug|Any CPU
		{31B5134D-4101-4896-948C-8A54ECAD5110}.Debug|x64.ActiveCfg = Debug|Any CPU
		{31B5134D-4101-4896-948C-8A54ECAD5110}.Debug|x64.Build.0 = Debug|Any CPU
		{31B5134D-4101-4896-948C-8A54ECAD5110}.Debug|x86.ActiveCfg = Debug|Any CPU
		{31B5134D-4101-4896-948C-8A54ECAD5110}.Debug|x86.Build.0 = Debug|Any CPU
		{31B5134D-4101-4896-948C-8A54ECAD5110}.Release|Any CPU.ActiveCfg = Release|Any CPU
		{31B5134D-4101-4896-948C-8A54ECAD5110}.Release|Any CPU.Build.0 = Release|Any CPU
		{31B5134D-4101-4896-948C-8A54ECAD5110}.Release|x64.ActiveCfg = Release|Any CPU
		{31B5134D-4101-4896-948C-8A54ECAD5110}.Release|x64.Build.0 = Release|Any CPU
		{31B5134D-4101-4896-948C-8A54ECAD5110}.Release|x86.ActiveCfg = Release|Any CPU
		{31B5134D-4101-4896-948C-8A54ECAD5110}.Release|x86.Build.0 = Release|Any CPU
		{1D99152B-210E-4197-9587-E1D18F15BCCA}.Debug|Any CPU.ActiveCfg = Debug|Any CPU
		{1D99152B-210E-4197-9587-E1D18F15BCCA}.Debug|Any CPU.Build.0 = Debug|Any CPU
		{1D99152B-210E-4197-9587-E1D18F15BCCA}.Debug|x64.ActiveCfg = Debug|Any CPU
		{1D99152B-210E-4197-9587-E1D18F15BCCA}.Debug|x64.Build.0 = Debug|Any CPU
		{1D99152B-210E-4197-9587-E1D18F15BCCA}.Debug|x86.ActiveCfg = Debug|Any CPU
		{1D99152B-210E-4197-9587-E1D18F15BCCA}.Debug|x86.Build.0 = Debug|Any CPU
		{1D99152B-210E-4197-9587-E1D18F15BCCA}.Release|Any CPU.ActiveCfg = Release|Any CPU
		{1D99152B-210E-4197-9587-E1D18F15BCCA}.Release|Any CPU.Build.0 = Release|Any CPU
		{1D99152B-210E-4197-9587-E1D18F15BCCA}.Release|x64.ActiveCfg = Release|Any CPU
		{1D99152B-210E-4197-9587-E1D18F15BCCA}.Release|x64.Build.0 = Release|Any CPU
		{1D99152B-210E-4197-9587-E1D18F15BCCA}.Release|x86.ActiveCfg = Release|Any CPU
		{1D99152B-210E-4197-9587-E1D18F15BCCA}.Release|x86.Build.0 = Release|Any CPU
		{2947063B-EE51-444B-9D84-CC5D4F16F39B}.Debug|Any CPU.ActiveCfg = Debug|Any CPU
		{2947063B-EE51-444B-9D84-CC5D4F16F39B}.Debug|Any CPU.Build.0 = Debug|Any CPU
		{2947063B-EE51-444B-9D84-CC5D4F16F39B}.Debug|x64.ActiveCfg = Debug|Any CPU
		{2947063B-EE51-444B-9D84-CC5D4F16F39B}.Debug|x64.Build.0 = Debug|Any CPU
		{2947063B-EE51-444B-9D84-CC5D4F16F39B}.Debug|x86.ActiveCfg = Debug|Any CPU
		{2947063B-EE51-444B-9D84-CC5D4F16F39B}.Debug|x86.Build.0 = Debug|Any CPU
		{2947063B-EE51-444B-9D84-CC5D4F16F39B}.Release|Any CPU.ActiveCfg = Release|Any CPU
		{2947063B-EE51-444B-9D84-CC5D4F16F39B}.Release|Any CPU.Build.0 = Release|Any CPU
		{2947063B-EE51-444B-9D84-CC5D4F16F39B}.Release|x64.ActiveCfg = Release|Any CPU
		{2947063B-EE51-444B-9D84-CC5D4F16F39B}.Release|x64.Build.0 = Release|Any CPU
		{2947063B-EE51-444B-9D84-CC5D4F16F39B}.Release|x86.ActiveCfg = Release|Any CPU
		{2947063B-EE51-444B-9D84-CC5D4F16F39B}.Release|x86.Build.0 = Release|Any CPU
		{AD70C32F-9A3B-4ECF-9886-173EDF937969}.Debug|Any CPU.ActiveCfg = Debug|Any CPU
		{AD70C32F-9A3B-4ECF-9886-173EDF937969}.Debug|Any CPU.Build.0 = Debug|Any CPU
		{AD70C32F-9A3B-4ECF-9886-173EDF937969}.Debug|x64.ActiveCfg = Debug|Any CPU
		{AD70C32F-9A3B-4ECF-9886-173EDF937969}.Debug|x64.Build.0 = Debug|Any CPU
		{AD70C32F-9A3B-4ECF-9886-173EDF937969}.Debug|x86.ActiveCfg = Debug|Any CPU
		{AD70C32F-9A3B-4ECF-9886-173EDF937969}.Debug|x86.Build.0 = Debug|Any CPU
		{AD70C32F-9A3B-4ECF-9886-173EDF937969}.Release|Any CPU.ActiveCfg = Release|Any CPU
		{AD70C32F-9A3B-4ECF-9886-173EDF937969}.Release|Any CPU.Build.0 = Release|Any CPU
		{AD70C32F-9A3B-4ECF-9886-173EDF937969}.Release|x64.ActiveCfg = Release|Any CPU
		{AD70C32F-9A3B-4ECF-9886-173EDF937969}.Release|x64.Build.0 = Release|Any CPU
		{AD70C32F-9A3B-4ECF-9886-173EDF937969}.Release|x86.ActiveCfg = Release|Any CPU
		{AD70C32F-9A3B-4ECF-9886-173EDF937969}.Release|x86.Build.0 = Release|Any CPU
		{937EB262-CE0D-4ECB-90CE-1A31A865022C}.Debug|Any CPU.ActiveCfg = Debug|Any CPU
		{937EB262-CE0D-4ECB-90CE-1A31A865022C}.Debug|Any CPU.Build.0 = Debug|Any CPU
		{937EB262-CE0D-4ECB-90CE-1A31A865022C}.Debug|x64.ActiveCfg = Debug|Any CPU
		{937EB262-CE0D-4ECB-90CE-1A31A865022C}.Debug|x64.Build.0 = Debug|Any CPU
		{937EB262-CE0D-4ECB-90CE-1A31A865022C}.Debug|x86.ActiveCfg = Debug|Any CPU
		{937EB262-CE0D-4ECB-90CE-1A31A865022C}.Debug|x86.Build.0 = Debug|Any CPU
		{937EB262-CE0D-4ECB-90CE-1A31A865022C}.Release|Any CPU.ActiveCfg = Release|Any CPU
		{937EB262-CE0D-4ECB-90CE-1A31A865022C}.Release|Any CPU.Build.0 = Release|Any CPU
		{937EB262-CE0D-4ECB-90CE-1A31A865022C}.Release|x64.ActiveCfg = Release|Any CPU
		{937EB262-CE0D-4ECB-90CE-1A31A865022C}.Release|x64.Build.0 = Release|Any CPU
		{937EB262-CE0D-4ECB-90CE-1A31A865022C}.Release|x86.ActiveCfg = Release|Any CPU
		{937EB262-CE0D-4ECB-90CE-1A31A865022C}.Release|x86.Build.0 = Release|Any CPU
		{FABC2590-2EE1-4932-9B1F-DCC15881B28B}.Debug|Any CPU.ActiveCfg = Debug|Any CPU
		{FABC2590-2EE1-4932-9B1F-DCC15881B28B}.Debug|Any CPU.Build.0 = Debug|Any CPU
		{FABC2590-2EE1-4932-9B1F-DCC15881B28B}.Debug|x64.ActiveCfg = Debug|Any CPU
		{FABC2590-2EE1-4932-9B1F-DCC15881B28B}.Debug|x64.Build.0 = Debug|Any CPU
		{FABC2590-2EE1-4932-9B1F-DCC15881B28B}.Debug|x86.ActiveCfg = Debug|Any CPU
		{FABC2590-2EE1-4932-9B1F-DCC15881B28B}.Debug|x86.Build.0 = Debug|Any CPU
		{FABC2590-2EE1-4932-9B1F-DCC15881B28B}.Release|Any CPU.ActiveCfg = Release|Any CPU
		{FABC2590-2EE1-4932-9B1F-DCC15881B28B}.Release|Any CPU.Build.0 = Release|Any CPU
		{FABC2590-2EE1-4932-9B1F-DCC15881B28B}.Release|x64.ActiveCfg = Release|Any CPU
		{FABC2590-2EE1-4932-9B1F-DCC15881B28B}.Release|x64.Build.0 = Release|Any CPU
		{FABC2590-2EE1-4932-9B1F-DCC15881B28B}.Release|x86.ActiveCfg = Release|Any CPU
		{FABC2590-2EE1-4932-9B1F-DCC15881B28B}.Release|x86.Build.0 = Release|Any CPU
		{33FF20DF-2A54-453F-A1F6-3C1FF6CB87E1}.Debug|Any CPU.ActiveCfg = Debug|Any CPU
		{33FF20DF-2A54-453F-A1F6-3C1FF6CB87E1}.Debug|Any CPU.Build.0 = Debug|Any CPU
		{33FF20DF-2A54-453F-A1F6-3C1FF6CB87E1}.Debug|x64.ActiveCfg = Debug|Any CPU
		{33FF20DF-2A54-453F-A1F6-3C1FF6CB87E1}.Debug|x64.Build.0 = Debug|Any CPU
		{33FF20DF-2A54-453F-A1F6-3C1FF6CB87E1}.Debug|x86.ActiveCfg = Debug|Any CPU
		{33FF20DF-2A54-453F-A1F6-3C1FF6CB87E1}.Debug|x86.Build.0 = Debug|Any CPU
		{33FF20DF-2A54-453F-A1F6-3C1FF6CB87E1}.Release|Any CPU.ActiveCfg = Release|Any CPU
		{33FF20DF-2A54-453F-A1F6-3C1FF6CB87E1}.Release|Any CPU.Build.0 = Release|Any CPU
		{33FF20DF-2A54-453F-A1F6-3C1FF6CB87E1}.Release|x64.ActiveCfg = Release|Any CPU
		{33FF20DF-2A54-453F-A1F6-3C1FF6CB87E1}.Release|x64.Build.0 = Release|Any CPU
		{33FF20DF-2A54-453F-A1F6-3C1FF6CB87E1}.Release|x86.ActiveCfg = Release|Any CPU
		{33FF20DF-2A54-453F-A1F6-3C1FF6CB87E1}.Release|x86.Build.0 = Release|Any CPU
		{89B0EFB8-C5B6-430A-891E-E3EBFC698867}.Debug|Any CPU.ActiveCfg = Debug|Any CPU
		{89B0EFB8-C5B6-430A-891E-E3EBFC698867}.Debug|Any CPU.Build.0 = Debug|Any CPU
		{89B0EFB8-C5B6-430A-891E-E3EBFC698867}.Debug|x64.ActiveCfg = Debug|Any CPU
		{89B0EFB8-C5B6-430A-891E-E3EBFC698867}.Debug|x64.Build.0 = Debug|Any CPU
		{89B0EFB8-C5B6-430A-891E-E3EBFC698867}.Debug|x86.ActiveCfg = Debug|Any CPU
		{89B0EFB8-C5B6-430A-891E-E3EBFC698867}.Debug|x86.Build.0 = Debug|Any CPU
		{89B0EFB8-C5B6-430A-891E-E3EBFC698867}.Release|Any CPU.ActiveCfg = Release|Any CPU
		{89B0EFB8-C5B6-430A-891E-E3EBFC698867}.Release|Any CPU.Build.0 = Release|Any CPU
		{89B0EFB8-C5B6-430A-891E-E3EBFC698867}.Release|x64.ActiveCfg = Release|Any CPU
		{89B0EFB8-C5B6-430A-891E-E3EBFC698867}.Release|x64.Build.0 = Release|Any CPU
		{89B0EFB8-C5B6-430A-891E-E3EBFC698867}.Release|x86.ActiveCfg = Release|Any CPU
		{89B0EFB8-C5B6-430A-891E-E3EBFC698867}.Release|x86.Build.0 = Release|Any CPU
		{E3D7DBAA-0084-427C-A12F-61CB15CF183D}.Debug|Any CPU.ActiveCfg = Debug|Any CPU
		{E3D7DBAA-0084-427C-A12F-61CB15CF183D}.Debug|Any CPU.Build.0 = Debug|Any CPU
		{E3D7DBAA-0084-427C-A12F-61CB15CF183D}.Debug|x64.ActiveCfg = Debug|Any CPU
		{E3D7DBAA-0084-427C-A12F-61CB15CF183D}.Debug|x64.Build.0 = Debug|Any CPU
		{E3D7DBAA-0084-427C-A12F-61CB15CF183D}.Debug|x86.ActiveCfg = Debug|Any CPU
		{E3D7DBAA-0084-427C-A12F-61CB15CF183D}.Debug|x86.Build.0 = Debug|Any CPU
		{E3D7DBAA-0084-427C-A12F-61CB15CF183D}.Release|Any CPU.ActiveCfg = Release|Any CPU
		{E3D7DBAA-0084-427C-A12F-61CB15CF183D}.Release|Any CPU.Build.0 = Release|Any CPU
		{E3D7DBAA-0084-427C-A12F-61CB15CF183D}.Release|x64.ActiveCfg = Release|Any CPU
		{E3D7DBAA-0084-427C-A12F-61CB15CF183D}.Release|x64.Build.0 = Release|Any CPU
		{E3D7DBAA-0084-427C-A12F-61CB15CF183D}.Release|x86.ActiveCfg = Release|Any CPU
		{E3D7DBAA-0084-427C-A12F-61CB15CF183D}.Release|x86.Build.0 = Release|Any CPU
		{051E8C4E-8519-46F6-8C7B-9321E4C1ABBB}.Debug|Any CPU.ActiveCfg = Debug|Any CPU
		{051E8C4E-8519-46F6-8C7B-9321E4C1ABBB}.Debug|Any CPU.Build.0 = Debug|Any CPU
		{051E8C4E-8519-46F6-8C7B-9321E4C1ABBB}.Debug|x64.ActiveCfg = Debug|Any CPU
		{051E8C4E-8519-46F6-8C7B-9321E4C1ABBB}.Debug|x64.Build.0 = Debug|Any CPU
		{051E8C4E-8519-46F6-8C7B-9321E4C1ABBB}.Debug|x86.ActiveCfg = Debug|Any CPU
		{051E8C4E-8519-46F6-8C7B-9321E4C1ABBB}.Debug|x86.Build.0 = Debug|Any CPU
		{051E8C4E-8519-46F6-8C7B-9321E4C1ABBB}.Release|Any CPU.ActiveCfg = Release|Any CPU
		{051E8C4E-8519-46F6-8C7B-9321E4C1ABBB}.Release|Any CPU.Build.0 = Release|Any CPU
		{051E8C4E-8519-46F6-8C7B-9321E4C1ABBB}.Release|x64.ActiveCfg = Release|Any CPU
		{051E8C4E-8519-46F6-8C7B-9321E4C1ABBB}.Release|x64.Build.0 = Release|Any CPU
		{051E8C4E-8519-46F6-8C7B-9321E4C1ABBB}.Release|x86.ActiveCfg = Release|Any CPU
		{051E8C4E-8519-46F6-8C7B-9321E4C1ABBB}.Release|x86.Build.0 = Release|Any CPU
		{2D77291D-A582-482E-A7B5-B7F8361D1CC9}.Debug|Any CPU.ActiveCfg = Debug|Any CPU
		{2D77291D-A582-482E-A7B5-B7F8361D1CC9}.Debug|Any CPU.Build.0 = Debug|Any CPU
		{2D77291D-A582-482E-A7B5-B7F8361D1CC9}.Debug|x64.ActiveCfg = Debug|Any CPU
		{2D77291D-A582-482E-A7B5-B7F8361D1CC9}.Debug|x64.Build.0 = Debug|Any CPU
		{2D77291D-A582-482E-A7B5-B7F8361D1CC9}.Debug|x86.ActiveCfg = Debug|Any CPU
		{2D77291D-A582-482E-A7B5-B7F8361D1CC9}.Debug|x86.Build.0 = Debug|Any CPU
		{2D77291D-A582-482E-A7B5-B7F8361D1CC9}.Release|Any CPU.ActiveCfg = Release|Any CPU
		{2D77291D-A582-482E-A7B5-B7F8361D1CC9}.Release|Any CPU.Build.0 = Release|Any CPU
		{2D77291D-A582-482E-A7B5-B7F8361D1CC9}.Release|x64.ActiveCfg = Release|Any CPU
		{2D77291D-A582-482E-A7B5-B7F8361D1CC9}.Release|x64.Build.0 = Release|Any CPU
		{2D77291D-A582-482E-A7B5-B7F8361D1CC9}.Release|x86.ActiveCfg = Release|Any CPU
		{2D77291D-A582-482E-A7B5-B7F8361D1CC9}.Release|x86.Build.0 = Release|Any CPU
		{66820E2D-FE1C-4C8D-8B23-68F3B3E94983}.Debug|Any CPU.ActiveCfg = Debug|Any CPU
		{66820E2D-FE1C-4C8D-8B23-68F3B3E94983}.Debug|Any CPU.Build.0 = Debug|Any CPU
		{66820E2D-FE1C-4C8D-8B23-68F3B3E94983}.Debug|x64.ActiveCfg = Debug|Any CPU
		{66820E2D-FE1C-4C8D-8B23-68F3B3E94983}.Debug|x64.Build.0 = Debug|Any CPU
		{66820E2D-FE1C-4C8D-8B23-68F3B3E94983}.Debug|x86.ActiveCfg = Debug|Any CPU
		{66820E2D-FE1C-4C8D-8B23-68F3B3E94983}.Debug|x86.Build.0 = Debug|Any CPU
		{66820E2D-FE1C-4C8D-8B23-68F3B3E94983}.Release|Any CPU.ActiveCfg = Release|Any CPU
		{66820E2D-FE1C-4C8D-8B23-68F3B3E94983}.Release|Any CPU.Build.0 = Release|Any CPU
		{66820E2D-FE1C-4C8D-8B23-68F3B3E94983}.Release|x64.ActiveCfg = Release|Any CPU
		{66820E2D-FE1C-4C8D-8B23-68F3B3E94983}.Release|x64.Build.0 = Release|Any CPU
		{66820E2D-FE1C-4C8D-8B23-68F3B3E94983}.Release|x86.ActiveCfg = Release|Any CPU
		{66820E2D-FE1C-4C8D-8B23-68F3B3E94983}.Release|x86.Build.0 = Release|Any CPU
		{C2BA4B4F-C119-4277-B4DC-F3CCDC447817}.Debug|Any CPU.ActiveCfg = Debug|Any CPU
		{C2BA4B4F-C119-4277-B4DC-F3CCDC447817}.Debug|Any CPU.Build.0 = Debug|Any CPU
		{C2BA4B4F-C119-4277-B4DC-F3CCDC447817}.Debug|x64.ActiveCfg = Debug|Any CPU
		{C2BA4B4F-C119-4277-B4DC-F3CCDC447817}.Debug|x64.Build.0 = Debug|Any CPU
		{C2BA4B4F-C119-4277-B4DC-F3CCDC447817}.Debug|x86.ActiveCfg = Debug|Any CPU
		{C2BA4B4F-C119-4277-B4DC-F3CCDC447817}.Debug|x86.Build.0 = Debug|Any CPU
		{C2BA4B4F-C119-4277-B4DC-F3CCDC447817}.Release|Any CPU.ActiveCfg = Release|Any CPU
		{C2BA4B4F-C119-4277-B4DC-F3CCDC447817}.Release|Any CPU.Build.0 = Release|Any CPU
		{C2BA4B4F-C119-4277-B4DC-F3CCDC447817}.Release|x64.ActiveCfg = Release|Any CPU
		{C2BA4B4F-C119-4277-B4DC-F3CCDC447817}.Release|x64.Build.0 = Release|Any CPU
		{C2BA4B4F-C119-4277-B4DC-F3CCDC447817}.Release|x86.ActiveCfg = Release|Any CPU
		{C2BA4B4F-C119-4277-B4DC-F3CCDC447817}.Release|x86.Build.0 = Release|Any CPU
		{BCF709E6-A45F-454F-8493-085E1D110558}.Debug|Any CPU.ActiveCfg = Debug|Any CPU
		{BCF709E6-A45F-454F-8493-085E1D110558}.Debug|Any CPU.Build.0 = Debug|Any CPU
		{BCF709E6-A45F-454F-8493-085E1D110558}.Debug|x64.ActiveCfg = Debug|Any CPU
		{BCF709E6-A45F-454F-8493-085E1D110558}.Debug|x64.Build.0 = Debug|Any CPU
		{BCF709E6-A45F-454F-8493-085E1D110558}.Debug|x86.ActiveCfg = Debug|Any CPU
		{BCF709E6-A45F-454F-8493-085E1D110558}.Debug|x86.Build.0 = Debug|Any CPU
		{BCF709E6-A45F-454F-8493-085E1D110558}.Release|Any CPU.ActiveCfg = Release|Any CPU
		{BCF709E6-A45F-454F-8493-085E1D110558}.Release|Any CPU.Build.0 = Release|Any CPU
		{BCF709E6-A45F-454F-8493-085E1D110558}.Release|x64.ActiveCfg = Release|Any CPU
		{BCF709E6-A45F-454F-8493-085E1D110558}.Release|x64.Build.0 = Release|Any CPU
		{BCF709E6-A45F-454F-8493-085E1D110558}.Release|x86.ActiveCfg = Release|Any CPU
		{BCF709E6-A45F-454F-8493-085E1D110558}.Release|x86.Build.0 = Release|Any CPU
		{EEAA5781-85DD-4DAC-8371-BAFDBE9DA924}.Debug|Any CPU.ActiveCfg = Debug|Any CPU
		{EEAA5781-85DD-4DAC-8371-BAFDBE9DA924}.Debug|Any CPU.Build.0 = Debug|Any CPU
		{EEAA5781-85DD-4DAC-8371-BAFDBE9DA924}.Debug|x64.ActiveCfg = Debug|Any CPU
		{EEAA5781-85DD-4DAC-8371-BAFDBE9DA924}.Debug|x64.Build.0 = Debug|Any CPU
		{EEAA5781-85DD-4DAC-8371-BAFDBE9DA924}.Debug|x86.ActiveCfg = Debug|Any CPU
		{EEAA5781-85DD-4DAC-8371-BAFDBE9DA924}.Debug|x86.Build.0 = Debug|Any CPU
		{EEAA5781-85DD-4DAC-8371-BAFDBE9DA924}.Release|Any CPU.ActiveCfg = Release|Any CPU
		{EEAA5781-85DD-4DAC-8371-BAFDBE9DA924}.Release|Any CPU.Build.0 = Release|Any CPU
		{EEAA5781-85DD-4DAC-8371-BAFDBE9DA924}.Release|x64.ActiveCfg = Release|Any CPU
		{EEAA5781-85DD-4DAC-8371-BAFDBE9DA924}.Release|x64.Build.0 = Release|Any CPU
		{EEAA5781-85DD-4DAC-8371-BAFDBE9DA924}.Release|x86.ActiveCfg = Release|Any CPU
		{EEAA5781-85DD-4DAC-8371-BAFDBE9DA924}.Release|x86.Build.0 = Release|Any CPU
		{8B32A596-3939-4A2B-AC80-C2A58C5876F3}.Debug|Any CPU.ActiveCfg = Debug|Any CPU
		{8B32A596-3939-4A2B-AC80-C2A58C5876F3}.Debug|Any CPU.Build.0 = Debug|Any CPU
		{8B32A596-3939-4A2B-AC80-C2A58C5876F3}.Debug|x64.ActiveCfg = Debug|Any CPU
		{8B32A596-3939-4A2B-AC80-C2A58C5876F3}.Debug|x64.Build.0 = Debug|Any CPU
		{8B32A596-3939-4A2B-AC80-C2A58C5876F3}.Debug|x86.ActiveCfg = Debug|Any CPU
		{8B32A596-3939-4A2B-AC80-C2A58C5876F3}.Debug|x86.Build.0 = Debug|Any CPU
		{8B32A596-3939-4A2B-AC80-C2A58C5876F3}.Release|Any CPU.ActiveCfg = Release|Any CPU
		{8B32A596-3939-4A2B-AC80-C2A58C5876F3}.Release|Any CPU.Build.0 = Release|Any CPU
		{8B32A596-3939-4A2B-AC80-C2A58C5876F3}.Release|x64.ActiveCfg = Release|Any CPU
		{8B32A596-3939-4A2B-AC80-C2A58C5876F3}.Release|x64.Build.0 = Release|Any CPU
		{8B32A596-3939-4A2B-AC80-C2A58C5876F3}.Release|x86.ActiveCfg = Release|Any CPU
		{8B32A596-3939-4A2B-AC80-C2A58C5876F3}.Release|x86.Build.0 = Release|Any CPU
		{AD8472D0-F9D8-4F21-AD4F-129063F509AF}.Debug|Any CPU.ActiveCfg = Debug|Any CPU
		{AD8472D0-F9D8-4F21-AD4F-129063F509AF}.Debug|Any CPU.Build.0 = Debug|Any CPU
		{AD8472D0-F9D8-4F21-AD4F-129063F509AF}.Debug|x64.ActiveCfg = Debug|Any CPU
		{AD8472D0-F9D8-4F21-AD4F-129063F509AF}.Debug|x64.Build.0 = Debug|Any CPU
		{AD8472D0-F9D8-4F21-AD4F-129063F509AF}.Debug|x86.ActiveCfg = Debug|Any CPU
		{AD8472D0-F9D8-4F21-AD4F-129063F509AF}.Debug|x86.Build.0 = Debug|Any CPU
		{AD8472D0-F9D8-4F21-AD4F-129063F509AF}.Release|Any CPU.ActiveCfg = Release|Any CPU
		{AD8472D0-F9D8-4F21-AD4F-129063F509AF}.Release|Any CPU.Build.0 = Release|Any CPU
		{AD8472D0-F9D8-4F21-AD4F-129063F509AF}.Release|x64.ActiveCfg = Release|Any CPU
		{AD8472D0-F9D8-4F21-AD4F-129063F509AF}.Release|x64.Build.0 = Release|Any CPU
		{AD8472D0-F9D8-4F21-AD4F-129063F509AF}.Release|x86.ActiveCfg = Release|Any CPU
		{AD8472D0-F9D8-4F21-AD4F-129063F509AF}.Release|x86.Build.0 = Release|Any CPU
		{7380FD13-7426-4A7A-9E82-B843A41A7DF9}.Debug|Any CPU.ActiveCfg = Debug|Any CPU
		{7380FD13-7426-4A7A-9E82-B843A41A7DF9}.Debug|Any CPU.Build.0 = Debug|Any CPU
		{7380FD13-7426-4A7A-9E82-B843A41A7DF9}.Debug|x64.ActiveCfg = Debug|Any CPU
		{7380FD13-7426-4A7A-9E82-B843A41A7DF9}.Debug|x64.Build.0 = Debug|Any CPU
		{7380FD13-7426-4A7A-9E82-B843A41A7DF9}.Debug|x86.ActiveCfg = Debug|Any CPU
		{7380FD13-7426-4A7A-9E82-B843A41A7DF9}.Debug|x86.Build.0 = Debug|Any CPU
		{7380FD13-7426-4A7A-9E82-B843A41A7DF9}.Release|Any CPU.ActiveCfg = Release|Any CPU
		{7380FD13-7426-4A7A-9E82-B843A41A7DF9}.Release|Any CPU.Build.0 = Release|Any CPU
		{7380FD13-7426-4A7A-9E82-B843A41A7DF9}.Release|x64.ActiveCfg = Release|Any CPU
		{7380FD13-7426-4A7A-9E82-B843A41A7DF9}.Release|x64.Build.0 = Release|Any CPU
		{7380FD13-7426-4A7A-9E82-B843A41A7DF9}.Release|x86.ActiveCfg = Release|Any CPU
		{7380FD13-7426-4A7A-9E82-B843A41A7DF9}.Release|x86.Build.0 = Release|Any CPU
		{D024B0D1-F486-4913-B05E-F97BD8A97789}.Debug|Any CPU.ActiveCfg = Debug|Any CPU
		{D024B0D1-F486-4913-B05E-F97BD8A97789}.Debug|Any CPU.Build.0 = Debug|Any CPU
		{D024B0D1-F486-4913-B05E-F97BD8A97789}.Debug|x64.ActiveCfg = Debug|Any CPU
		{D024B0D1-F486-4913-B05E-F97BD8A97789}.Debug|x64.Build.0 = Debug|Any CPU
		{D024B0D1-F486-4913-B05E-F97BD8A97789}.Debug|x86.ActiveCfg = Debug|Any CPU
		{D024B0D1-F486-4913-B05E-F97BD8A97789}.Debug|x86.Build.0 = Debug|Any CPU
		{D024B0D1-F486-4913-B05E-F97BD8A97789}.Release|Any CPU.ActiveCfg = Release|Any CPU
		{D024B0D1-F486-4913-B05E-F97BD8A97789}.Release|Any CPU.Build.0 = Release|Any CPU
		{D024B0D1-F486-4913-B05E-F97BD8A97789}.Release|x64.ActiveCfg = Release|Any CPU
		{D024B0D1-F486-4913-B05E-F97BD8A97789}.Release|x64.Build.0 = Release|Any CPU
		{D024B0D1-F486-4913-B05E-F97BD8A97789}.Release|x86.ActiveCfg = Release|Any CPU
		{D024B0D1-F486-4913-B05E-F97BD8A97789}.Release|x86.Build.0 = Release|Any CPU
		{F45AAD5E-465E-4FA8-94FF-F6C5D69CD519}.Debug|Any CPU.ActiveCfg = Debug|Any CPU
		{F45AAD5E-465E-4FA8-94FF-F6C5D69CD519}.Debug|Any CPU.Build.0 = Debug|Any CPU
		{F45AAD5E-465E-4FA8-94FF-F6C5D69CD519}.Debug|x64.ActiveCfg = Debug|Any CPU
		{F45AAD5E-465E-4FA8-94FF-F6C5D69CD519}.Debug|x64.Build.0 = Debug|Any CPU
		{F45AAD5E-465E-4FA8-94FF-F6C5D69CD519}.Debug|x86.ActiveCfg = Debug|Any CPU
		{F45AAD5E-465E-4FA8-94FF-F6C5D69CD519}.Debug|x86.Build.0 = Debug|Any CPU
		{F45AAD5E-465E-4FA8-94FF-F6C5D69CD519}.Release|Any CPU.ActiveCfg = Release|Any CPU
		{F45AAD5E-465E-4FA8-94FF-F6C5D69CD519}.Release|Any CPU.Build.0 = Release|Any CPU
		{F45AAD5E-465E-4FA8-94FF-F6C5D69CD519}.Release|x64.ActiveCfg = Release|Any CPU
		{F45AAD5E-465E-4FA8-94FF-F6C5D69CD519}.Release|x64.Build.0 = Release|Any CPU
		{F45AAD5E-465E-4FA8-94FF-F6C5D69CD519}.Release|x86.ActiveCfg = Release|Any CPU
		{F45AAD5E-465E-4FA8-94FF-F6C5D69CD519}.Release|x86.Build.0 = Release|Any CPU
		{9F1192DE-67E6-4553-AD0C-E7E37624CAEA}.Debug|Any CPU.ActiveCfg = Debug|Any CPU
		{9F1192DE-67E6-4553-AD0C-E7E37624CAEA}.Debug|Any CPU.Build.0 = Debug|Any CPU
		{9F1192DE-67E6-4553-AD0C-E7E37624CAEA}.Debug|x64.ActiveCfg = Debug|Any CPU
		{9F1192DE-67E6-4553-AD0C-E7E37624CAEA}.Debug|x64.Build.0 = Debug|Any CPU
		{9F1192DE-67E6-4553-AD0C-E7E37624CAEA}.Debug|x86.ActiveCfg = Debug|Any CPU
		{9F1192DE-67E6-4553-AD0C-E7E37624CAEA}.Debug|x86.Build.0 = Debug|Any CPU
		{9F1192DE-67E6-4553-AD0C-E7E37624CAEA}.Release|Any CPU.ActiveCfg = Release|Any CPU
		{9F1192DE-67E6-4553-AD0C-E7E37624CAEA}.Release|Any CPU.Build.0 = Release|Any CPU
		{9F1192DE-67E6-4553-AD0C-E7E37624CAEA}.Release|x64.ActiveCfg = Release|Any CPU
		{9F1192DE-67E6-4553-AD0C-E7E37624CAEA}.Release|x64.Build.0 = Release|Any CPU
		{9F1192DE-67E6-4553-AD0C-E7E37624CAEA}.Release|x86.ActiveCfg = Release|Any CPU
		{9F1192DE-67E6-4553-AD0C-E7E37624CAEA}.Release|x86.Build.0 = Release|Any CPU
	EndGlobalSection
	GlobalSection(SolutionProperties) = preSolution
		HideSolutionNode = FALSE
	EndGlobalSection
	GlobalSection(NestedProjects) = preSolution
		{BBB5024A-52F8-463B-B8CC-04DEB842852B} = {D9506C1D-DF7A-4975-B4A9-80B2EF4ADA2E}
		{705432F3-33D0-44E6-9778-39F8E2209A13} = {D9506C1D-DF7A-4975-B4A9-80B2EF4ADA2E}
		{5DBD3E48-7769-466D-A850-63F78CAE4158} = {D9506C1D-DF7A-4975-B4A9-80B2EF4ADA2E}
		{71693453-1A54-4354-B0F3-48F0272643E5} = {D9506C1D-DF7A-4975-B4A9-80B2EF4ADA2E}
		{A33C795C-3945-4F0A-9205-44EE3B418496} = {D9506C1D-DF7A-4975-B4A9-80B2EF4ADA2E}
		{3BE1F106-50B6-4315-BF76-D0457ADA80A6} = {D9506C1D-DF7A-4975-B4A9-80B2EF4ADA2E}
		{B82D218C-35D3-4342-B19B-89030EB99C9B} = {D9506C1D-DF7A-4975-B4A9-80B2EF4ADA2E}
		{004CD236-189F-4785-AF39-B996B22BB8B0} = {D9506C1D-DF7A-4975-B4A9-80B2EF4ADA2E}
		{874902A3-1F54-449F-94F1-85695EAB81B4} = {D9506C1D-DF7A-4975-B4A9-80B2EF4ADA2E}
		{FCE1F9B5-6FD7-43E3-8CA2-639E330AD1D1} = {D9506C1D-DF7A-4975-B4A9-80B2EF4ADA2E}
		{0CB9E2E7-E831-4F80-9213-2144315C67F5} = {D9506C1D-DF7A-4975-B4A9-80B2EF4ADA2E}
		{0F9D084C-71A2-44B0-B84C-99D952BABB04} = {D9506C1D-DF7A-4975-B4A9-80B2EF4ADA2E}
		{91132F16-97E0-44C4-BB4A-1E0DE8C4A506} = {D9506C1D-DF7A-4975-B4A9-80B2EF4ADA2E}
		{FF33724F-45C0-44B7-A28B-DB5432BB5A0C} = {D9506C1D-DF7A-4975-B4A9-80B2EF4ADA2E}
		{8A8CA2FA-7264-447A-B6B8-3136DE926F8F} = {D9506C1D-DF7A-4975-B4A9-80B2EF4ADA2E}
		{D3C3EC66-1CEA-4E2B-B232-669AD9401060} = {D9506C1D-DF7A-4975-B4A9-80B2EF4ADA2E}
		{3A172DF0-7F37-4506-8DF2-77B087F4F753} = {D9506C1D-DF7A-4975-B4A9-80B2EF4ADA2E}
		{8A976D4C-F48B-4E83-B8C1-58B85C8E2AFF} = {D9506C1D-DF7A-4975-B4A9-80B2EF4ADA2E}
		{9254BB43-8051-4E34-8D27-790B8B754B21} = {D9506C1D-DF7A-4975-B4A9-80B2EF4ADA2E}
		{937E046F-818B-47E1-930F-3B0A0068D83B} = {D9506C1D-DF7A-4975-B4A9-80B2EF4ADA2E}
		{B74AA790-1B29-448A-8D75-8399C6C86C71} = {D9506C1D-DF7A-4975-B4A9-80B2EF4ADA2E}
		{CFEB63B4-8CDC-4FD2-B0C5-4D09BE37D00B} = {D9506C1D-DF7A-4975-B4A9-80B2EF4ADA2E}
		{56C447A5-E689-472E-9077-E9EB63B66D97} = {D9506C1D-DF7A-4975-B4A9-80B2EF4ADA2E}
		{FD032CCF-135B-482B-A2E2-E3224B157D84} = {56C447A5-E689-472E-9077-E9EB63B66D97}
		{31B5134D-4101-4896-948C-8A54ECAD5110} = {56C447A5-E689-472E-9077-E9EB63B66D97}
		{1D99152B-210E-4197-9587-E1D18F15BCCA} = {56C447A5-E689-472E-9077-E9EB63B66D97}
		{2947063B-EE51-444B-9D84-CC5D4F16F39B} = {56C447A5-E689-472E-9077-E9EB63B66D97}
		{AD70C32F-9A3B-4ECF-9886-173EDF937969} = {56C447A5-E689-472E-9077-E9EB63B66D97}
		{937EB262-CE0D-4ECB-90CE-1A31A865022C} = {56C447A5-E689-472E-9077-E9EB63B66D97}
		{FABC2590-2EE1-4932-9B1F-DCC15881B28B} = {56C447A5-E689-472E-9077-E9EB63B66D97}
		{33FF20DF-2A54-453F-A1F6-3C1FF6CB87E1} = {56C447A5-E689-472E-9077-E9EB63B66D97}
		{89B0EFB8-C5B6-430A-891E-E3EBFC698867} = {56C447A5-E689-472E-9077-E9EB63B66D97}
		{E3D7DBAA-0084-427C-A12F-61CB15CF183D} = {56C447A5-E689-472E-9077-E9EB63B66D97}
		{051E8C4E-8519-46F6-8C7B-9321E4C1ABBB} = {56C447A5-E689-472E-9077-E9EB63B66D97}
		{2D77291D-A582-482E-A7B5-B7F8361D1CC9} = {56C447A5-E689-472E-9077-E9EB63B66D97}
		{66820E2D-FE1C-4C8D-8B23-68F3B3E94983} = {56C447A5-E689-472E-9077-E9EB63B66D97}
		{C2BA4B4F-C119-4277-B4DC-F3CCDC447817} = {56C447A5-E689-472E-9077-E9EB63B66D97}
		{BCF709E6-A45F-454F-8493-085E1D110558} = {56C447A5-E689-472E-9077-E9EB63B66D97}
		{EEAA5781-85DD-4DAC-8371-BAFDBE9DA924} = {56C447A5-E689-472E-9077-E9EB63B66D97}
		{8B32A596-3939-4A2B-AC80-C2A58C5876F3} = {56C447A5-E689-472E-9077-E9EB63B66D97}
		{AD8472D0-F9D8-4F21-AD4F-129063F509AF} = {56C447A5-E689-472E-9077-E9EB63B66D97}
		{7380FD13-7426-4A7A-9E82-B843A41A7DF9} = {56C447A5-E689-472E-9077-E9EB63B66D97}
		{D024B0D1-F486-4913-B05E-F97BD8A97789} = {56C447A5-E689-472E-9077-E9EB63B66D97}
		{F45AAD5E-465E-4FA8-94FF-F6C5D69CD519} = {56C447A5-E689-472E-9077-E9EB63B66D97}
		{9F1192DE-67E6-4553-AD0C-E7E37624CAEA} = {56C447A5-E689-472E-9077-E9EB63B66D97}
	EndGlobalSection
	GlobalSection(ExtensibilityGlobals) = postSolution
		SolutionGuid = {F62BBD2A-9074-44FF-8208-43DA064745DE}
	EndGlobalSection
EndGlobal
